
Microsoft Visual Studio Solution File, Format Version 12.00
# Visual Studio 15
VisualStudioVersion = 15.0.27428.2037
MinimumVisualStudioVersion = 10.0.40219.1
Project("{FAE04EC0-301F-11D3-BF4B-00C04F79EFBC}") = "InfoSellers", "InfoSellers\InfoSellers.csproj", "{DBAA4454-E51D-4BA1-B160-DFD5F096272A}"
EndProject
Project("{FAE04EC0-301F-11D3-BF4B-00C04F79EFBC}") = "InfoSellers.Tests", "InfoSellers.Tests\InfoSellers.Tests.csproj", "{D36FF315-9FCC-4BB0-84E0-A97427681115}"
EndProject
Project("{FAE04EC0-301F-11D3-BF4B-00C04F79EFBC}") = "InfoSellers.Domain", "InfoSellers.Domain\InfoSellers.Domain.csproj", "{618A27E0-DD54-466F-BB98-357462A54084}"
EndProject
Project("{FAE04EC0-301F-11D3-BF4B-00C04F79EFBC}") = "InfoSellers.Persistence", "InfoSellers.Persistence\InfoSellers.Persistence.csproj", "{C166F35E-EE56-45A7-A98E-010DEAF01ACE}"
EndProject
Project("{FAE04EC0-301F-11D3-BF4B-00C04F79EFBC}") = "InfoSellers.DTO", "InfoSellers.DTO\InfoSellers.DTO.csproj", "{1EB2633F-99BD-4455-B1B2-86DCCC1028EC}"
EndProject
Project("{FAE04EC0-301F-11D3-BF4B-00C04F79EFBC}") = "InfoSellers.Repository", "InfoSellers.Repository\InfoSellers.Repository.csproj", "{B93EB202-20CB-4348-8C8F-49BF31ED83EF}"
EndProject
Project("{FAE04EC0-301F-11D3-BF4B-00C04F79EFBC}") = "InfoSellers.EventLogger", "InfoSellers.EventLogger\InfoSellers.EventLogger.csproj", "{93EF2ADE-8537-499C-A611-2CE67393E07D}"
EndProject
Global
	GlobalSection(SolutionConfigurationPlatforms) = preSolution
		Debug|Any CPU = Debug|Any CPU
		Release|Any CPU = Release|Any CPU
	EndGlobalSection
	GlobalSection(ProjectConfigurationPlatforms) = postSolution
		{DBAA4454-E51D-4BA1-B160-DFD5F096272A}.Debug|Any CPU.ActiveCfg = Debug|Any CPU
		{DBAA4454-E51D-4BA1-B160-DFD5F096272A}.Debug|Any CPU.Build.0 = Debug|Any CPU
		{DBAA4454-E51D-4BA1-B160-DFD5F096272A}.Release|Any CPU.ActiveCfg = Release|Any CPU
		{DBAA4454-E51D-4BA1-B160-DFD5F096272A}.Release|Any CPU.Build.0 = Release|Any CPU
		{D36FF315-9FCC-4BB0-84E0-A97427681115}.Debug|Any CPU.ActiveCfg = Debug|Any CPU
		{D36FF315-9FCC-4BB0-84E0-A97427681115}.Debug|Any CPU.Build.0 = Debug|Any CPU
		{D36FF315-9FCC-4BB0-84E0-A97427681115}.Release|Any CPU.ActiveCfg = Release|Any CPU
		{D36FF315-9FCC-4BB0-84E0-A97427681115}.Release|Any CPU.Build.0 = Release|Any CPU
		{618A27E0-DD54-466F-BB98-357462A54084}.Debug|Any CPU.ActiveCfg = Debug|Any CPU
		{618A27E0-DD54-466F-BB98-357462A54084}.Debug|Any CPU.Build.0 = Debug|Any CPU
		{618A27E0-DD54-466F-BB98-357462A54084}.Release|Any CPU.ActiveCfg = Release|Any CPU
		{618A27E0-DD54-466F-BB98-357462A54084}.Release|Any CPU.Build.0 = Release|Any CPU
		{C166F35E-EE56-45A7-A98E-010DEAF01ACE}.Debug|Any CPU.ActiveCfg = Debug|Any CPU
		{C166F35E-EE56-45A7-A98E-010DEAF01ACE}.Debug|Any CPU.Build.0 = Debug|Any CPU
		{C166F35E-EE56-45A7-A98E-010DEAF01ACE}.Release|Any CPU.ActiveCfg = Release|Any CPU
		{C166F35E-EE56-45A7-A98E-010DEAF01ACE}.Release|Any CPU.Build.0 = Release|Any CPU
		{1EB2633F-99BD-4455-B1B2-86DCCC1028EC}.Debug|Any CPU.ActiveCfg = Debug|Any CPU
		{1EB2633F-99BD-4455-B1B2-86DCCC1028EC}.Debug|Any CPU.Build.0 = Debug|Any CPU
		{1EB2633F-99BD-4455-B1B2-86DCCC1028EC}.Release|Any CPU.ActiveCfg = Release|Any CPU
		{1EB2633F-99BD-4455-B1B2-86DCCC1028EC}.Release|Any CPU.Build.0 = Release|Any CPU
		{B93EB202-20CB-4348-8C8F-49BF31ED83EF}.Debug|Any CPU.ActiveCfg = Debug|Any CPU
		{B93EB202-20CB-4348-8C8F-49BF31ED83EF}.Debug|Any CPU.Build.0 = Debug|Any CPU
		{B93EB202-20CB-4348-8C8F-49BF31ED83EF}.Release|Any CPU.ActiveCfg = Release|Any CPU
		{B93EB202-20CB-4348-8C8F-49BF31ED83EF}.Release|Any CPU.Build.0 = Release|Any CPU
		{93EF2ADE-8537-499C-A611-2CE67393E07D}.Debug|Any CPU.ActiveCfg = Debug|Any CPU
		{93EF2ADE-8537-499C-A611-2CE67393E07D}.Debug|Any CPU.Build.0 = Debug|Any CPU
		{93EF2ADE-8537-499C-A611-2CE67393E07D}.Release|Any CPU.ActiveCfg = Release|Any CPU
		{93EF2ADE-8537-499C-A611-2CE67393E07D}.Release|Any CPU.Build.0 = Release|Any CPU
	EndGlobalSection
	GlobalSection(SolutionProperties) = preSolution
		HideSolutionNode = FALSE
	EndGlobalSection
	GlobalSection(ExtensibilityGlobals) = postSolution
		SolutionGuid = {F7A1A7CD-5983-4D9B-A160-2673A16F3308}
	EndGlobalSection
EndGlobal
