
Microsoft Visual Studio Solution File, Format Version 12.00
# Visual Studio 15
VisualStudioVersion = 15.0.27428.2037
MinimumVisualStudioVersion = 10.0.40219.1
Project("{FAE04EC0-301F-11D3-BF4B-00C04F79EFBC}") = "InfoSellers", "InfoSellers\InfoSellers.csproj", "{DBAA4454-E51D-4BA1-B160-DFD5F096272A}"
EndProject
Project("{FAE04EC0-301F-11D3-BF4B-00C04F79EFBC}") = "InfoSellers.Tests", "InfoSellers.Tests\InfoSellers.Tests.csproj", "{D36FF315-9FCC-4BB0-84E0-A97427681115}"
EndProject
Project("{FAE04EC0-301F-11D3-BF4B-00C04F79EFBC}") = "InfoSellers.Domain", "InfoSellers.Domain\InfoSellers.Domain.csproj", "{618A27E0-DD54-466F-BB98-357462A54084}"
EndProject
Global
	GlobalSection(SolutionConfigurationPlatforms) = preSolution
		Debug|Any CPU = Debug|Any CPU
		Release|Any CPU = Release|Any CPU
	EndGlobalSection
	GlobalSection(ProjectConfigurationPlatforms) = postSolution
		{DBAA4454-E51D-4BA1-B160-DFD5F096272A}.Debug|Any CPU.ActiveCfg = Debug|Any CPU
		{DBAA4454-E51D-4BA1-B160-DFD5F096272A}.Debug|Any CPU.Build.0 = Debug|Any CPU
		{DBAA4454-E51D-4BA1-B160-DFD5F096272A}.Release|Any CPU.ActiveCfg = Release|Any CPU
		{DBAA4454-E51D-4BA1-B160-DFD5F096272A}.Release|Any CPU.Build.0 = Release|Any CPU
		{D36FF315-9FCC-4BB0-84E0-A97427681115}.Debug|Any CPU.ActiveCfg = Debug|Any CPU
		{D36FF315-9FCC-4BB0-84E0-A97427681115}.Debug|Any CPU.Build.0 = Debug|Any CPU
		{D36FF315-9FCC-4BB0-84E0-A97427681115}.Release|Any CPU.ActiveCfg = Release|Any CPU
		{D36FF315-9FCC-4BB0-84E0-A97427681115}.Release|Any CPU.Build.0 = Release|Any CPU
		{618A27E0-DD54-466F-BB98-357462A54084}.Debug|Any CPU.ActiveCfg = Debug|Any CPU
		{618A27E0-DD54-466F-BB98-357462A54084}.Debug|Any CPU.Build.0 = Debug|Any CPU
		{618A27E0-DD54-466F-BB98-357462A54084}.Release|Any CPU.ActiveCfg = Release|Any CPU
		{618A27E0-DD54-466F-BB98-357462A54084}.Release|Any CPU.Build.0 = Release|Any CPU
	EndGlobalSection
	GlobalSection(SolutionProperties) = preSolution
		HideSolutionNode = FALSE
	EndGlobalSection
	GlobalSection(ExtensibilityGlobals) = postSolution
		SolutionGuid = {F7A1A7CD-5983-4D9B-A160-2673A16F3308}
	EndGlobalSection
EndGlobal
